<?xml version="1.0" encoding="utf-8"?>
<Project ToolsVersion="4.0" xmlns="http://schemas.microsoft.com/developer/msbuild/2003">
  <ItemGroup>
    <Filter Include="Source Files">
      <UniqueIdentifier>{4FC737F1-C7A5-4376-A066-2A32D752A2FF}</UniqueIdentifier>
      <Extensions>cpp;c;cc;cxx;c++;def;odl;idl;hpj;bat;asm;asmx</Extensions>
    </Filter>
    <Filter Include="Header Files">
      <UniqueIdentifier>{93995380-89BD-4b04-88EB-625FBE52EBFB}</UniqueIdentifier>
      <Extensions>h;hh;hpp;hxx;h++;hm;inl;inc;ipp;xsd</Extensions>
    </Filter>
    <Filter Include="Resource Files">
      <UniqueIdentifier>{67DA6AB6-F800-4c08-8B7A-83BB121AAD01}</UniqueIdentifier>
      <Extensions>rc;ico;cur;bmp;dlg;rc2;rct;bin;rgs;gif;jpg;jpeg;jpe;resx;tiff;tif;png;wav;mfcribbon-ms</Extensions>
    </Filter>
  </ItemGroup>
  <ItemGroup>
    <ClCompile Include="src\SandboxApplication.cpp">
      <Filter>Source Files</Filter>
    </ClCompile>
    <ClCompile Include="src\Layers\ComputeTextureLayer.cpp">
      <Filter>Source Files</Filter>
    </ClCompile>
    <ClCompile Include="src\Layers\ComputeParticleLayer.cpp">
      <Filter>Source Files</Filter>
    </ClCompile>
    <ClCompile Include="src\Layers\CubeMapLayer.cpp">
      <Filter>Source Files</Filter>
    </ClCompile>
    <ClCompile Include="src\Layers\SkyBoxLayer.cpp">
      <Filter>Source Files</Filter>
    </ClCompile>
    <ClCompile Include="src\Layers\LightingLayer.cpp">
      <Filter>Source Files</Filter>
    </ClCompile>
    <ClCompile Include="src\Layers\ToonShadingLayer.cpp">
      <Filter>Source Files</Filter>
    </ClCompile>
    <ClCompile Include="src\Layers\ShaderProjectLayer.cpp">
      <Filter>Source Files</Filter>
    </ClCompile>
    <ClCompile Include="src\Layers\ShadowsLayer.cpp">
      <Filter>Source Files</Filter>
    </ClCompile>
    <ClCompile Include="src\Layers\FractalLayer.cpp">
      <Filter>Source Files</Filter>
    </ClCompile>
    <ClCompile Include="src\Layers\LineLayer.cpp">
      <Filter>Source Files</Filter>
    </ClCompile>
    <ClCompile Include="src\Utility\CurveSerializer.cpp">
      <Filter>Source Files</Filter>
    </ClCompile>
    <ClCompile Include="src\Utility\ImGuiUtility.cpp">
      <Filter>Source Files</Filter>
    </ClCompile>
    <ClCompile Include="src\Layers\TestBezierSurfaceLayer.cpp">
      <Filter>Source Files</Filter>
    </ClCompile>
    <ClCompile Include="src\Layers\Testing\ComputeTest.cpp">
      <Filter>Source Files</Filter>
    </ClCompile>
    <ClCompile Include="src\Layers\Testing\StarMapLayer.cpp">
      <Filter>Source Files</Filter>
    </ClCompile>
  </ItemGroup>
  <ItemGroup>
    <ClInclude Include="src\Layers\ComputeTextureLayer.h">
      <Filter>Header Files</Filter>
    </ClInclude>
    <ClInclude Include="src\Layers\ComputeParticleLayer.h">
      <Filter>Header Files</Filter>
    </ClInclude>
    <ClInclude Include="src\Layers\CubeMapLayer.h">
      <Filter>Header Files</Filter>
    </ClInclude>
    <ClInclude Include="src\Layers\SkyBoxLayer.h">
      <Filter>Header Files</Filter>
    </ClInclude>
    <ClInclude Include="src\Layers\LightingLayer.h">
      <Filter>Header Files</Filter>
    </ClInclude>
    <ClInclude Include="src\Layers\ToonShadingLayer.h">
      <Filter>Header Files</Filter>
    </ClInclude>
    <ClInclude Include="src\Layers\ShaderProjectLayer.h">
      <Filter>Header Files</Filter>
    </ClInclude>
    <ClInclude Include="src\Layers\ShadowsLayer.h">
      <Filter>Header Files</Filter>
    </ClInclude>
    <ClInclude Include="src\Layers\FractalLayer.h">
      <Filter>Header Files</Filter>
    </ClInclude>
    <ClInclude Include="src\Layers\LineLayer.h">
      <Filter>Header Files</Filter>
    </ClInclude>
    <ClInclude Include="src\Utility\CurveSerializer.h">
      <Filter>Header Files</Filter>
    </ClInclude>
    <ClInclude Include="src\Utility\ImGuiUtility.h">
      <Filter>Header Files</Filter>
    </ClInclude>
    <ClInclude Include="src\Layers\TestBezierSurfaceLayer.h">
      <Filter>Header Files</Filter>
    </ClInclude>
    <ClInclude Include="src\Layers\Testing\ComputeTest.h">
      <Filter>Header Files</Filter>
    </ClInclude>
    <ClInclude Include="src\Layers\Testing\StarMapLayer.h">
      <Filter>Header Files</Filter>
    </ClInclude>
  </ItemGroup>
  <ItemGroup>
    <None Include="assets\shaders\Particle.shader" />
    <None Include="assets\shaders\SkyboxTest.shader" />
    <None Include="assets\shaders\EnvironmentReflection.shader" />
    <None Include="assets\shaders\Preetham.shader" />
    <None Include="assets\shaders\TestWriteToCube.shader" />
    <None Include="assets\shaders\Skybox.shader" />
    <None Include="assets\shaders\Grid.shader" />
    <None Include="assets\shaders\InfiniteGrid.shader" />
    <None Include="assets\shaders\InfiniteGridPractice.shader" />
    <None Include="assets\shaders\Test.shader" />
    <None Include="assets\shaders\BlinnPhong.shader" />
    <None Include="assets\shaders\SDFBlinnPhong.shader" />
    <None Include="assets\shaders\Portal.shader" />
    <None Include="assets\shaders\NormalMapExample.shader" />
    <None Include="assets\shaders\Surfaces.shader" />
    <None Include="assets\shaders\ToonShader.shader" />
    <None Include="assets\shaders\BlinnPhongWS.shader" />
    <None Include="assets\shaders\DebugDepth.shader" />
    <None Include="assets\shaders\Depth.shader" />
    <None Include="assets\shaders\EngineBP.shader" />
    <None Include="assets\shaders\Fractal.shader" />
    <None Include="assets\shaders\TestPhong.shader" />
    <None Include="assets\shaders\LineShader.shader" />
    <None Include="assets\shaders\LinePointShader.shader" />
    <None Include="assets\shaders\PostProcessing.shader" />
    <None Include="assets\shaders\Bloom.shader" />
    <None Include="assets\shaders\BloomDebugWrite.shader" />
    <None Include="assets\shaders\Bloom2.shader" />
    <None Include="assets\shaders\SurfaceCurve.shader" />
    <None Include="assets\shaders\Testing\TextureCopy.shader" />
    <None Include="assets\shaders\Testing\TestPostProcessing.shader" />
    <None Include="assets\shaders\Testing\NoTransform.shader" />
    <None Include="assets\shaders\Testing\ComputeTesting.shader" />
  </ItemGroup>
</Project>